
Microsoft Visual Studio Solution File, Format Version 12.00
# Visual Studio Version 16
VisualStudioVersion = 16.0.29424.173
MinimumVisualStudioVersion = 10.0.40219.1
Project("{FAE04EC0-301F-11D3-BF4B-00C04F79EFBC}") = "Reportman.Drawing", "Reportman.Drawing\Reportman.Drawing.csproj", "{DC4DECFD-7439-440C-936E-B464E5269166}"
EndProject
Project("{FAE04EC0-301F-11D3-BF4B-00C04F79EFBC}") = "Reportman.Reporting", "Reportman.Reporting\Reportman.Reporting.csproj", "{F54DEC26-406A-448F-A8D1-22203EFF613C}"
EndProject
Project("{FAE04EC0-301F-11D3-BF4B-00C04F79EFBC}") = "Reportman.Drawing.Forms", "Reportman.Drawing.Forms\Reportman.Drawing.Forms.csproj", "{6D3460EF-E85E-42ED-A2DB-6C800EED53FC}"
EndProject
Project("{FAE04EC0-301F-11D3-BF4B-00C04F79EFBC}") = "Reportman.Reporting.Forms", "Reportman.Reporting.Forms\Reportman.Reporting.Forms.csproj", "{A3EE9D0F-A4DD-44CE-A33B-6354B23DFFEE}"
EndProject
Project("{FAE04EC0-301F-11D3-BF4B-00C04F79EFBC}") = "Reportman.Designer", "Reportman.Designer\Reportman.Designer.csproj", "{80EF8FAE-B1D8-4D1B-817F-6C0DB3689FAA}"
EndProject
Project("{FAE04EC0-301F-11D3-BF4B-00C04F79EFBC}") = "designer", "designer\designer.csproj", "{F627D477-5C7F-4A17-8B38-09EAD1885C79}"
EndProject
Project("{FAE04EC0-301F-11D3-BF4B-00C04F79EFBC}") = "printreport", "printreport\printreport.csproj", "{450F6C22-2D1F-47E5-B4B3-19BB84E51A9E}"
EndProject
Project("{FAE04EC0-301F-11D3-BF4B-00C04F79EFBC}") = "Reportman.WPF", "Reportman.WPF\Reportman.WPF.csproj", "{CEBD8BE8-53B0-465F-9A2D-66E9C9E0D703}"
EndProject
Global
	GlobalSection(SolutionConfigurationPlatforms) = preSolution
		Debug|Any CPU = Debug|Any CPU
		Debug|x86 = Debug|x86
		Release_35|Any CPU = Release_35|Any CPU
		Release_35|x86 = Release_35|x86
		Release_40|Any CPU = Release_40|Any CPU
		Release_40|x86 = Release_40|x86
		Release_45|Any CPU = Release_45|Any CPU
		Release_45|x86 = Release_45|x86
		Release_Mono_w_Linux|Any CPU = Release_Mono_w_Linux|Any CPU
		Release_Mono_w_Linux|x86 = Release_Mono_w_Linux|x86
		Release|Any CPU = Release|Any CPU
		Release|x86 = Release|x86
	EndGlobalSection
	GlobalSection(ProjectConfigurationPlatforms) = postSolution
		{DC4DECFD-7439-440C-936E-B464E5269166}.Debug|Any CPU.ActiveCfg = Debug|Any CPU
		{DC4DECFD-7439-440C-936E-B464E5269166}.Debug|Any CPU.Build.0 = Debug|Any CPU
		{DC4DECFD-7439-440C-936E-B464E5269166}.Debug|x86.ActiveCfg = Debug|Any CPU
		{DC4DECFD-7439-440C-936E-B464E5269166}.Debug|x86.Build.0 = Debug|Any CPU
		{DC4DECFD-7439-440C-936E-B464E5269166}.Release_35|Any CPU.ActiveCfg = Release|Any CPU
		{DC4DECFD-7439-440C-936E-B464E5269166}.Release_35|Any CPU.Build.0 = Release|Any CPU
		{DC4DECFD-7439-440C-936E-B464E5269166}.Release_35|x86.ActiveCfg = Release|Any CPU
		{DC4DECFD-7439-440C-936E-B464E5269166}.Release_35|x86.Build.0 = Release|Any CPU
		{DC4DECFD-7439-440C-936E-B464E5269166}.Release_40|Any CPU.ActiveCfg = Release|Any CPU
		{DC4DECFD-7439-440C-936E-B464E5269166}.Release_40|Any CPU.Build.0 = Release|Any CPU
		{DC4DECFD-7439-440C-936E-B464E5269166}.Release_40|x86.ActiveCfg = Release|Any CPU
		{DC4DECFD-7439-440C-936E-B464E5269166}.Release_40|x86.Build.0 = Release|Any CPU
		{DC4DECFD-7439-440C-936E-B464E5269166}.Release_45|Any CPU.ActiveCfg = Release|Any CPU
		{DC4DECFD-7439-440C-936E-B464E5269166}.Release_45|Any CPU.Build.0 = Release|Any CPU
		{DC4DECFD-7439-440C-936E-B464E5269166}.Release_45|x86.ActiveCfg = Release|Any CPU
		{DC4DECFD-7439-440C-936E-B464E5269166}.Release_45|x86.Build.0 = Release|Any CPU
		{DC4DECFD-7439-440C-936E-B464E5269166}.Release_Mono_w_Linux|Any CPU.ActiveCfg = Release|Any CPU
		{DC4DECFD-7439-440C-936E-B464E5269166}.Release_Mono_w_Linux|Any CPU.Build.0 = Release|Any CPU
		{DC4DECFD-7439-440C-936E-B464E5269166}.Release_Mono_w_Linux|x86.ActiveCfg = Release|Any CPU
		{DC4DECFD-7439-440C-936E-B464E5269166}.Release_Mono_w_Linux|x86.Build.0 = Release|Any CPU
		{DC4DECFD-7439-440C-936E-B464E5269166}.Release|Any CPU.ActiveCfg = Release|Any CPU
		{DC4DECFD-7439-440C-936E-B464E5269166}.Release|Any CPU.Build.0 = Release|Any CPU
		{DC4DECFD-7439-440C-936E-B464E5269166}.Release|x86.ActiveCfg = Release|Any CPU
		{DC4DECFD-7439-440C-936E-B464E5269166}.Release|x86.Build.0 = Release|Any CPU
		{F54DEC26-406A-448F-A8D1-22203EFF613C}.Debug|Any CPU.ActiveCfg = Debug|Any CPU
		{F54DEC26-406A-448F-A8D1-22203EFF613C}.Debug|Any CPU.Build.0 = Debug|Any CPU
		{F54DEC26-406A-448F-A8D1-22203EFF613C}.Debug|x86.ActiveCfg = Debug|Any CPU
		{F54DEC26-406A-448F-A8D1-22203EFF613C}.Debug|x86.Build.0 = Debug|Any CPU
		{F54DEC26-406A-448F-A8D1-22203EFF613C}.Release_35|Any CPU.ActiveCfg = Release|Any CPU
		{F54DEC26-406A-448F-A8D1-22203EFF613C}.Release_35|Any CPU.Build.0 = Release|Any CPU
		{F54DEC26-406A-448F-A8D1-22203EFF613C}.Release_35|x86.ActiveCfg = Release|Any CPU
		{F54DEC26-406A-448F-A8D1-22203EFF613C}.Release_35|x86.Build.0 = Release|Any CPU
		{F54DEC26-406A-448F-A8D1-22203EFF613C}.Release_40|Any CPU.ActiveCfg = Release|Any CPU
		{F54DEC26-406A-448F-A8D1-22203EFF613C}.Release_40|Any CPU.Build.0 = Release|Any CPU
		{F54DEC26-406A-448F-A8D1-22203EFF613C}.Release_40|x86.ActiveCfg = Release|Any CPU
		{F54DEC26-406A-448F-A8D1-22203EFF613C}.Release_40|x86.Build.0 = Release|Any CPU
		{F54DEC26-406A-448F-A8D1-22203EFF613C}.Release_45|Any CPU.ActiveCfg = Release|Any CPU
		{F54DEC26-406A-448F-A8D1-22203EFF613C}.Release_45|Any CPU.Build.0 = Release|Any CPU
		{F54DEC26-406A-448F-A8D1-22203EFF613C}.Release_45|x86.ActiveCfg = Release|Any CPU
		{F54DEC26-406A-448F-A8D1-22203EFF613C}.Release_45|x86.Build.0 = Release|Any CPU
		{F54DEC26-406A-448F-A8D1-22203EFF613C}.Release_Mono_w_Linux|Any CPU.ActiveCfg = Release|Any CPU
		{F54DEC26-406A-448F-A8D1-22203EFF613C}.Release_Mono_w_Linux|Any CPU.Build.0 = Release|Any CPU
		{F54DEC26-406A-448F-A8D1-22203EFF613C}.Release_Mono_w_Linux|x86.ActiveCfg = Release|Any CPU
		{F54DEC26-406A-448F-A8D1-22203EFF613C}.Release_Mono_w_Linux|x86.Build.0 = Release|Any CPU
		{F54DEC26-406A-448F-A8D1-22203EFF613C}.Release|Any CPU.ActiveCfg = Release|Any CPU
		{F54DEC26-406A-448F-A8D1-22203EFF613C}.Release|Any CPU.Build.0 = Release|Any CPU
		{F54DEC26-406A-448F-A8D1-22203EFF613C}.Release|x86.ActiveCfg = Release|Any CPU
		{F54DEC26-406A-448F-A8D1-22203EFF613C}.Release|x86.Build.0 = Release|Any CPU
		{6D3460EF-E85E-42ED-A2DB-6C800EED53FC}.Debug|Any CPU.ActiveCfg = Debug|Any CPU
		{6D3460EF-E85E-42ED-A2DB-6C800EED53FC}.Debug|Any CPU.Build.0 = Debug|Any CPU
		{6D3460EF-E85E-42ED-A2DB-6C800EED53FC}.Debug|x86.ActiveCfg = Debug|Any CPU
		{6D3460EF-E85E-42ED-A2DB-6C800EED53FC}.Debug|x86.Build.0 = Debug|Any CPU
		{6D3460EF-E85E-42ED-A2DB-6C800EED53FC}.Release_35|Any CPU.ActiveCfg = Release|Any CPU
		{6D3460EF-E85E-42ED-A2DB-6C800EED53FC}.Release_35|Any CPU.Build.0 = Release|Any CPU
		{6D3460EF-E85E-42ED-A2DB-6C800EED53FC}.Release_35|x86.ActiveCfg = Release|Any CPU
		{6D3460EF-E85E-42ED-A2DB-6C800EED53FC}.Release_35|x86.Build.0 = Release|Any CPU
		{6D3460EF-E85E-42ED-A2DB-6C800EED53FC}.Release_40|Any CPU.ActiveCfg = Release|Any CPU
		{6D3460EF-E85E-42ED-A2DB-6C800EED53FC}.Release_40|Any CPU.Build.0 = Release|Any CPU
		{6D3460EF-E85E-42ED-A2DB-6C800EED53FC}.Release_40|x86.ActiveCfg = Release|Any CPU
		{6D3460EF-E85E-42ED-A2DB-6C800EED53FC}.Release_40|x86.Build.0 = Release|Any CPU
		{6D3460EF-E85E-42ED-A2DB-6C800EED53FC}.Release_45|Any CPU.ActiveCfg = Release|Any CPU
		{6D3460EF-E85E-42ED-A2DB-6C800EED53FC}.Release_45|Any CPU.Build.0 = Release|Any CPU
		{6D3460EF-E85E-42ED-A2DB-6C800EED53FC}.Release_45|x86.ActiveCfg = Release|Any CPU
		{6D3460EF-E85E-42ED-A2DB-6C800EED53FC}.Release_45|x86.Build.0 = Release|Any CPU
		{6D3460EF-E85E-42ED-A2DB-6C800EED53FC}.Release_Mono_w_Linux|Any CPU.ActiveCfg = Release|Any CPU
		{6D3460EF-E85E-42ED-A2DB-6C800EED53FC}.Release_Mono_w_Linux|Any CPU.Build.0 = Release|Any CPU
		{6D3460EF-E85E-42ED-A2DB-6C800EED53FC}.Release_Mono_w_Linux|x86.ActiveCfg = Release|Any CPU
		{6D3460EF-E85E-42ED-A2DB-6C800EED53FC}.Release_Mono_w_Linux|x86.Build.0 = Release|Any CPU
		{6D3460EF-E85E-42ED-A2DB-6C800EED53FC}.Release|Any CPU.ActiveCfg = Release|Any CPU
		{6D3460EF-E85E-42ED-A2DB-6C800EED53FC}.Release|Any CPU.Build.0 = Release|Any CPU
		{6D3460EF-E85E-42ED-A2DB-6C800EED53FC}.Release|x86.ActiveCfg = Release|Any CPU
		{6D3460EF-E85E-42ED-A2DB-6C800EED53FC}.Release|x86.Build.0 = Release|Any CPU
		{A3EE9D0F-A4DD-44CE-A33B-6354B23DFFEE}.Debug|Any CPU.ActiveCfg = Debug|Any CPU
		{A3EE9D0F-A4DD-44CE-A33B-6354B23DFFEE}.Debug|Any CPU.Build.0 = Debug|Any CPU
		{A3EE9D0F-A4DD-44CE-A33B-6354B23DFFEE}.Debug|x86.ActiveCfg = Debug|Any CPU
		{A3EE9D0F-A4DD-44CE-A33B-6354B23DFFEE}.Debug|x86.Build.0 = Debug|Any CPU
		{A3EE9D0F-A4DD-44CE-A33B-6354B23DFFEE}.Release_35|Any CPU.ActiveCfg = Release|Any CPU
		{A3EE9D0F-A4DD-44CE-A33B-6354B23DFFEE}.Release_35|Any CPU.Build.0 = Release|Any CPU
		{A3EE9D0F-A4DD-44CE-A33B-6354B23DFFEE}.Release_35|x86.ActiveCfg = Release|Any CPU
		{A3EE9D0F-A4DD-44CE-A33B-6354B23DFFEE}.Release_35|x86.Build.0 = Release|Any CPU
		{A3EE9D0F-A4DD-44CE-A33B-6354B23DFFEE}.Release_40|Any CPU.ActiveCfg = Release|Any CPU
		{A3EE9D0F-A4DD-44CE-A33B-6354B23DFFEE}.Release_40|Any CPU.Build.0 = Release|Any CPU
		{A3EE9D0F-A4DD-44CE-A33B-6354B23DFFEE}.Release_40|x86.ActiveCfg = Release|Any CPU
		{A3EE9D0F-A4DD-44CE-A33B-6354B23DFFEE}.Release_40|x86.Build.0 = Release|Any CPU
		{A3EE9D0F-A4DD-44CE-A33B-6354B23DFFEE}.Release_45|Any CPU.ActiveCfg = Release|Any CPU
		{A3EE9D0F-A4DD-44CE-A33B-6354B23DFFEE}.Release_45|Any CPU.Build.0 = Release|Any CPU
		{A3EE9D0F-A4DD-44CE-A33B-6354B23DFFEE}.Release_45|x86.ActiveCfg = Release|Any CPU
		{A3EE9D0F-A4DD-44CE-A33B-6354B23DFFEE}.Release_45|x86.Build.0 = Release|Any CPU
		{A3EE9D0F-A4DD-44CE-A33B-6354B23DFFEE}.Release_Mono_w_Linux|Any CPU.ActiveCfg = Release|Any CPU
		{A3EE9D0F-A4DD-44CE-A33B-6354B23DFFEE}.Release_Mono_w_Linux|Any CPU.Build.0 = Release|Any CPU
		{A3EE9D0F-A4DD-44CE-A33B-6354B23DFFEE}.Release_Mono_w_Linux|x86.ActiveCfg = Release|Any CPU
		{A3EE9D0F-A4DD-44CE-A33B-6354B23DFFEE}.Release_Mono_w_Linux|x86.Build.0 = Release|Any CPU
		{A3EE9D0F-A4DD-44CE-A33B-6354B23DFFEE}.Release|Any CPU.ActiveCfg = Release|Any CPU
		{A3EE9D0F-A4DD-44CE-A33B-6354B23DFFEE}.Release|Any CPU.Build.0 = Release|Any CPU
		{A3EE9D0F-A4DD-44CE-A33B-6354B23DFFEE}.Release|x86.ActiveCfg = Release|Any CPU
		{A3EE9D0F-A4DD-44CE-A33B-6354B23DFFEE}.Release|x86.Build.0 = Release|Any CPU
		{80EF8FAE-B1D8-4D1B-817F-6C0DB3689FAA}.Debug|Any CPU.ActiveCfg = Debug|Any CPU
		{80EF8FAE-B1D8-4D1B-817F-6C0DB3689FAA}.Debug|Any CPU.Build.0 = Debug|Any CPU
		{80EF8FAE-B1D8-4D1B-817F-6C0DB3689FAA}.Debug|x86.ActiveCfg = Debug|Any CPU
		{80EF8FAE-B1D8-4D1B-817F-6C0DB3689FAA}.Debug|x86.Build.0 = Debug|Any CPU
		{80EF8FAE-B1D8-4D1B-817F-6C0DB3689FAA}.Release_35|Any CPU.ActiveCfg = Release|Any CPU
		{80EF8FAE-B1D8-4D1B-817F-6C0DB3689FAA}.Release_35|Any CPU.Build.0 = Release|Any CPU
		{80EF8FAE-B1D8-4D1B-817F-6C0DB3689FAA}.Release_35|x86.ActiveCfg = Release|Any CPU
		{80EF8FAE-B1D8-4D1B-817F-6C0DB3689FAA}.Release_35|x86.Build.0 = Release|Any CPU
		{80EF8FAE-B1D8-4D1B-817F-6C0DB3689FAA}.Release_40|Any CPU.ActiveCfg = Release|Any CPU
		{80EF8FAE-B1D8-4D1B-817F-6C0DB3689FAA}.Release_40|Any CPU.Build.0 = Release|Any CPU
		{80EF8FAE-B1D8-4D1B-817F-6C0DB3689FAA}.Release_40|x86.ActiveCfg = Release|Any CPU
		{80EF8FAE-B1D8-4D1B-817F-6C0DB3689FAA}.Release_40|x86.Build.0 = Release|Any CPU
		{80EF8FAE-B1D8-4D1B-817F-6C0DB3689FAA}.Release_45|Any CPU.ActiveCfg = Release|Any CPU
		{80EF8FAE-B1D8-4D1B-817F-6C0DB3689FAA}.Release_45|Any CPU.Build.0 = Release|Any CPU
		{80EF8FAE-B1D8-4D1B-817F-6C0DB3689FAA}.Release_45|x86.ActiveCfg = Release|Any CPU
		{80EF8FAE-B1D8-4D1B-817F-6C0DB3689FAA}.Release_45|x86.Build.0 = Release|Any CPU
		{80EF8FAE-B1D8-4D1B-817F-6C0DB3689FAA}.Release_Mono_w_Linux|Any CPU.ActiveCfg = Release|Any CPU
		{80EF8FAE-B1D8-4D1B-817F-6C0DB3689FAA}.Release_Mono_w_Linux|Any CPU.Build.0 = Release|Any CPU
		{80EF8FAE-B1D8-4D1B-817F-6C0DB3689FAA}.Release_Mono_w_Linux|x86.ActiveCfg = Release|Any CPU
		{80EF8FAE-B1D8-4D1B-817F-6C0DB3689FAA}.Release_Mono_w_Linux|x86.Build.0 = Release|Any CPU
		{80EF8FAE-B1D8-4D1B-817F-6C0DB3689FAA}.Release|Any CPU.ActiveCfg = Release|Any CPU
		{80EF8FAE-B1D8-4D1B-817F-6C0DB3689FAA}.Release|Any CPU.Build.0 = Release|Any CPU
		{80EF8FAE-B1D8-4D1B-817F-6C0DB3689FAA}.Release|x86.ActiveCfg = Release|Any CPU
		{80EF8FAE-B1D8-4D1B-817F-6C0DB3689FAA}.Release|x86.Build.0 = Release|Any CPU
		{F627D477-5C7F-4A17-8B38-09EAD1885C79}.Debug|Any CPU.ActiveCfg = Debug|Any CPU
		{F627D477-5C7F-4A17-8B38-09EAD1885C79}.Debug|Any CPU.Build.0 = Debug|Any CPU
		{F627D477-5C7F-4A17-8B38-09EAD1885C79}.Debug|x86.ActiveCfg = Debug|Any CPU
		{F627D477-5C7F-4A17-8B38-09EAD1885C79}.Debug|x86.Build.0 = Debug|Any CPU
		{F627D477-5C7F-4A17-8B38-09EAD1885C79}.Release_35|Any CPU.ActiveCfg = Release|Any CPU
		{F627D477-5C7F-4A17-8B38-09EAD1885C79}.Release_35|Any CPU.Build.0 = Release|Any CPU
		{F627D477-5C7F-4A17-8B38-09EAD1885C79}.Release_35|x86.ActiveCfg = Release|Any CPU
		{F627D477-5C7F-4A17-8B38-09EAD1885C79}.Release_35|x86.Build.0 = Release|Any CPU
		{F627D477-5C7F-4A17-8B38-09EAD1885C79}.Release_40|Any CPU.ActiveCfg = Release|Any CPU
		{F627D477-5C7F-4A17-8B38-09EAD1885C79}.Release_40|Any CPU.Build.0 = Release|Any CPU
		{F627D477-5C7F-4A17-8B38-09EAD1885C79}.Release_40|x86.ActiveCfg = Release|Any CPU
		{F627D477-5C7F-4A17-8B38-09EAD1885C79}.Release_40|x86.Build.0 = Release|Any CPU
		{F627D477-5C7F-4A17-8B38-09EAD1885C79}.Release_45|Any CPU.ActiveCfg = Release|Any CPU
		{F627D477-5C7F-4A17-8B38-09EAD1885C79}.Release_45|Any CPU.Build.0 = Release|Any CPU
		{F627D477-5C7F-4A17-8B38-09EAD1885C79}.Release_45|x86.ActiveCfg = Release|Any CPU
		{F627D477-5C7F-4A17-8B38-09EAD1885C79}.Release_45|x86.Build.0 = Release|Any CPU
		{F627D477-5C7F-4A17-8B38-09EAD1885C79}.Release_Mono_w_Linux|Any CPU.ActiveCfg = Release|Any CPU
		{F627D477-5C7F-4A17-8B38-09EAD1885C79}.Release_Mono_w_Linux|Any CPU.Build.0 = Release|Any CPU
		{F627D477-5C7F-4A17-8B38-09EAD1885C79}.Release_Mono_w_Linux|x86.ActiveCfg = Release|Any CPU
		{F627D477-5C7F-4A17-8B38-09EAD1885C79}.Release_Mono_w_Linux|x86.Build.0 = Release|Any CPU
		{F627D477-5C7F-4A17-8B38-09EAD1885C79}.Release|Any CPU.ActiveCfg = Release|Any CPU
		{F627D477-5C7F-4A17-8B38-09EAD1885C79}.Release|Any CPU.Build.0 = Release|Any CPU
		{F627D477-5C7F-4A17-8B38-09EAD1885C79}.Release|x86.ActiveCfg = Release|Any CPU
		{F627D477-5C7F-4A17-8B38-09EAD1885C79}.Release|x86.Build.0 = Release|Any CPU
		{450F6C22-2D1F-47E5-B4B3-19BB84E51A9E}.Debug|Any CPU.ActiveCfg = Debug|Any CPU
		{450F6C22-2D1F-47E5-B4B3-19BB84E51A9E}.Debug|Any CPU.Build.0 = Debug|Any CPU
		{450F6C22-2D1F-47E5-B4B3-19BB84E51A9E}.Debug|x86.ActiveCfg = Debug|Any CPU
		{450F6C22-2D1F-47E5-B4B3-19BB84E51A9E}.Debug|x86.Build.0 = Debug|Any CPU
		{450F6C22-2D1F-47E5-B4B3-19BB84E51A9E}.Release_35|Any CPU.ActiveCfg = Release|Any CPU
		{450F6C22-2D1F-47E5-B4B3-19BB84E51A9E}.Release_35|Any CPU.Build.0 = Release|Any CPU
		{450F6C22-2D1F-47E5-B4B3-19BB84E51A9E}.Release_35|x86.ActiveCfg = Release|Any CPU
		{450F6C22-2D1F-47E5-B4B3-19BB84E51A9E}.Release_35|x86.Build.0 = Release|Any CPU
		{450F6C22-2D1F-47E5-B4B3-19BB84E51A9E}.Release_40|Any CPU.ActiveCfg = Release|Any CPU
		{450F6C22-2D1F-47E5-B4B3-19BB84E51A9E}.Release_40|Any CPU.Build.0 = Release|Any CPU
		{450F6C22-2D1F-47E5-B4B3-19BB84E51A9E}.Release_40|x86.ActiveCfg = Release|Any CPU
		{450F6C22-2D1F-47E5-B4B3-19BB84E51A9E}.Release_40|x86.Build.0 = Release|Any CPU
		{450F6C22-2D1F-47E5-B4B3-19BB84E51A9E}.Release_45|Any CPU.ActiveCfg = Release|Any CPU
		{450F6C22-2D1F-47E5-B4B3-19BB84E51A9E}.Release_45|Any CPU.Build.0 = Release|Any CPU
		{450F6C22-2D1F-47E5-B4B3-19BB84E51A9E}.Release_45|x86.ActiveCfg = Release|Any CPU
		{450F6C22-2D1F-47E5-B4B3-19BB84E51A9E}.Release_45|x86.Build.0 = Release|Any CPU
		{450F6C22-2D1F-47E5-B4B3-19BB84E51A9E}.Release_Mono_w_Linux|Any CPU.ActiveCfg = Release|Any CPU
		{450F6C22-2D1F-47E5-B4B3-19BB84E51A9E}.Release_Mono_w_Linux|Any CPU.Build.0 = Release|Any CPU
		{450F6C22-2D1F-47E5-B4B3-19BB84E51A9E}.Release_Mono_w_Linux|x86.ActiveCfg = Release|Any CPU
		{450F6C22-2D1F-47E5-B4B3-19BB84E51A9E}.Release_Mono_w_Linux|x86.Build.0 = Release|Any CPU
		{450F6C22-2D1F-47E5-B4B3-19BB84E51A9E}.Release|Any CPU.ActiveCfg = Release|Any CPU
		{450F6C22-2D1F-47E5-B4B3-19BB84E51A9E}.Release|Any CPU.Build.0 = Release|Any CPU
		{450F6C22-2D1F-47E5-B4B3-19BB84E51A9E}.Release|x86.ActiveCfg = Release|Any CPU
		{450F6C22-2D1F-47E5-B4B3-19BB84E51A9E}.Release|x86.Build.0 = Release|Any CPU
		{CEBD8BE8-53B0-465F-9A2D-66E9C9E0D703}.Debug|Any CPU.ActiveCfg = Debug|Any CPU
		{CEBD8BE8-53B0-465F-9A2D-66E9C9E0D703}.Debug|Any CPU.Build.0 = Debug|Any CPU
		{CEBD8BE8-53B0-465F-9A2D-66E9C9E0D703}.Debug|x86.ActiveCfg = Debug|Any CPU
		{CEBD8BE8-53B0-465F-9A2D-66E9C9E0D703}.Debug|x86.Build.0 = Debug|Any CPU
		{CEBD8BE8-53B0-465F-9A2D-66E9C9E0D703}.Release_35|Any CPU.ActiveCfg = Release|Any CPU
		{CEBD8BE8-53B0-465F-9A2D-66E9C9E0D703}.Release_35|Any CPU.Build.0 = Release|Any CPU
		{CEBD8BE8-53B0-465F-9A2D-66E9C9E0D703}.Release_35|x86.ActiveCfg = Release|Any CPU
		{CEBD8BE8-53B0-465F-9A2D-66E9C9E0D703}.Release_35|x86.Build.0 = Release|Any CPU
		{CEBD8BE8-53B0-465F-9A2D-66E9C9E0D703}.Release_40|Any CPU.ActiveCfg = Release|Any CPU
		{CEBD8BE8-53B0-465F-9A2D-66E9C9E0D703}.Release_40|Any CPU.Build.0 = Release|Any CPU
		{CEBD8BE8-53B0-465F-9A2D-66E9C9E0D703}.Release_40|x86.ActiveCfg = Release|Any CPU
		{CEBD8BE8-53B0-465F-9A2D-66E9C9E0D703}.Release_40|x86.Build.0 = Release|Any CPU
		{CEBD8BE8-53B0-465F-9A2D-66E9C9E0D703}.Release_45|Any CPU.ActiveCfg = Release|Any CPU
		{CEBD8BE8-53B0-465F-9A2D-66E9C9E0D703}.Release_45|Any CPU.Build.0 = Release|Any CPU
		{CEBD8BE8-53B0-465F-9A2D-66E9C9E0D703}.Release_45|x86.ActiveCfg = Release|Any CPU
		{CEBD8BE8-53B0-465F-9A2D-66E9C9E0D703}.Release_45|x86.Build.0 = Release|Any CPU
		{CEBD8BE8-53B0-465F-9A2D-66E9C9E0D703}.Release_Mono_w_Linux|Any CPU.ActiveCfg = Release|Any CPU
		{CEBD8BE8-53B0-465F-9A2D-66E9C9E0D703}.Release_Mono_w_Linux|Any CPU.Build.0 = Release|Any CPU
		{CEBD8BE8-53B0-465F-9A2D-66E9C9E0D703}.Release_Mono_w_Linux|x86.ActiveCfg = Release|Any CPU
		{CEBD8BE8-53B0-465F-9A2D-66E9C9E0D703}.Release_Mono_w_Linux|x86.Build.0 = Release|Any CPU
		{CEBD8BE8-53B0-465F-9A2D-66E9C9E0D703}.Release|Any CPU.ActiveCfg = Release|Any CPU
		{CEBD8BE8-53B0-465F-9A2D-66E9C9E0D703}.Release|Any CPU.Build.0 = Release|Any CPU
		{CEBD8BE8-53B0-465F-9A2D-66E9C9E0D703}.Release|x86.ActiveCfg = Release|Any CPU
		{CEBD8BE8-53B0-465F-9A2D-66E9C9E0D703}.Release|x86.Build.0 = Release|Any CPU
	EndGlobalSection
	GlobalSection(SolutionProperties) = preSolution
		HideSolutionNode = FALSE
	EndGlobalSection
	GlobalSection(ExtensibilityGlobals) = postSolution
		SolutionGuid = {DE24C3F0-2A92-48A7-88DD-F16577B177F6}
	EndGlobalSection
EndGlobal
